{
  "name": "data-generator",
  "version": "1.0.0",
  "lockfileVersion": 2,
  "requires": true,
  "packages": {
    "": {
      "name": "data-generator",
      "version": "1.0.0",
      "license": "ISC",
      "dependencies": {
        "@faker-js/faker": "^6.0.0-alpha.7",
        "csv-writer": "^1.6.0"
      }
    },
    "node_modules/@faker-js/faker": {
      "version": "6.0.0-alpha.7",
      "resolved": "https://registry.npmjs.org/@faker-js/faker/-/faker-6.0.0-alpha.7.tgz",
      "integrity": "sha512-T2nYE8+EfzfkRMLMSm7UvgC7fZ2KkKEyCMeyPVS0q2cuvENbt1SjWyu0bOJ0JqBbTs1g+gYMWMFMXspWlzNVmQ==",
      "engines": {
        "node": ">=14.0.0",
        "npm": ">=7.0.0"
      }
    },
    "node_modules/csv-writer": {
      "version": "1.6.0",
      "resolved": "https://registry.npmjs.org/csv-writer/-/csv-writer-1.6.0.tgz",
      "integrity": "sha512-NOx7YDFWEsM/fTRAJjRpPp8t+MKRVvniAg9wQlUKx20MFrPs73WLJhFf5iteqrxNYnsy924K3Iroh3yNHeYd2g=="
    }
  },
  "dependencies": {
    "@faker-js/faker": {
      "version": "6.0.0-alpha.7",
      "resolved": "https://registry.npmjs.org/@faker-js/faker/-/faker-6.0.0-alpha.7.tgz",
      "integrity": "sha512-T2nYE8+EfzfkRMLMSm7UvgC7fZ2KkKEyCMeyPVS0q2cuvENbt1SjWyu0bOJ0JqBbTs1g+gYMWMFMXspWlzNVmQ=="
    },
    "csv-writer": {
      "version": "1.6.0",
      "resolved": "https://registry.npmjs.org/csv-writer/-/csv-writer-1.6.0.tgz",
      "integrity": "sha512-NOx7YDFWEsM/fTRAJjRpPp8t+MKRVvniAg9wQlUKx20MFrPs73WLJhFf5iteqrxNYnsy924K3Iroh3yNHeYd2g=="
    }
  }
}
